
Microsoft Visual Studio Solution File, Format Version 12.00
# Visual Studio Version 17
VisualStudioVersion = 17.5.33502.453
MinimumVisualStudioVersion = 10.0.40219.1
Project("{8BC9CEB8-8B4A-11D0-8D11-00A0C91BC942}") = "StreamOjan", "StreamOjan\StreamOjan.vcxproj", "{29BDE4BE-B586-446F-97A5-2ABD928B3F88}"
EndProject
Project("{8BC9CEB8-8B4A-11D0-8D11-00A0C91BC942}") = "iofilewithpath", "iofilewithpath\iofilewithpath.vcxproj", "{813913FA-478D-49E1-9A8E-7565CF9967A3}"
EndProject
Project("{8BC9CEB8-8B4A-11D0-8D11-00A0C91BC942}") = "manualexecptionojan", "manualexecptionojan\manualexecptionojan.vcxproj", "{43208C84-5BEA-4D19-B99F-7CD804D249DF}"
EndProject
Project("{8BC9CEB8-8B4A-11D0-8D11-00A0C91BC942}") = "exeptionstandart", "exeptionstandart\exeptionstandart.vcxproj", "{0329606B-3AB5-407D-BA5F-57646B20700F}"
EndProject
Global
	GlobalSection(SolutionConfigurationPlatforms) = preSolution
		Debug|x64 = Debug|x64
		Debug|x86 = Debug|x86
		Release|x64 = Release|x64
		Release|x86 = Release|x86
	EndGlobalSection
	GlobalSection(ProjectConfigurationPlatforms) = postSolution
		{29BDE4BE-B586-446F-97A5-2ABD928B3F88}.Debug|x64.ActiveCfg = Debug|x64
		{29BDE4BE-B586-446F-97A5-2ABD928B3F88}.Debug|x64.Build.0 = Debug|x64
		{29BDE4BE-B586-446F-97A5-2ABD928B3F88}.Debug|x86.ActiveCfg = Debug|Win32
		{29BDE4BE-B586-446F-97A5-2ABD928B3F88}.Debug|x86.Build.0 = Debug|Win32
		{29BDE4BE-B586-446F-97A5-2ABD928B3F88}.Release|x64.ActiveCfg = Release|x64
		{29BDE4BE-B586-446F-97A5-2ABD928B3F88}.Release|x64.Build.0 = Release|x64
		{29BDE4BE-B586-446F-97A5-2ABD928B3F88}.Release|x86.ActiveCfg = Release|Win32
		{29BDE4BE-B586-446F-97A5-2ABD928B3F88}.Release|x86.Build.0 = Release|Win32
		{813913FA-478D-49E1-9A8E-7565CF9967A3}.Debug|x64.ActiveCfg = Debug|x64
		{813913FA-478D-49E1-9A8E-7565CF9967A3}.Debug|x64.Build.0 = Debug|x64
		{813913FA-478D-49E1-9A8E-7565CF9967A3}.Debug|x86.ActiveCfg = Debug|Win32
		{813913FA-478D-49E1-9A8E-7565CF9967A3}.Debug|x86.Build.0 = Debug|Win32
		{813913FA-478D-49E1-9A8E-7565CF9967A3}.Release|x64.ActiveCfg = Release|x64
		{813913FA-478D-49E1-9A8E-7565CF9967A3}.Release|x64.Build.0 = Release|x64
		{813913FA-478D-49E1-9A8E-7565CF9967A3}.Release|x86.ActiveCfg = Release|Win32
		{813913FA-478D-49E1-9A8E-7565CF9967A3}.Release|x86.Build.0 = Release|Win32
		{43208C84-5BEA-4D19-B99F-7CD804D249DF}.Debug|x64.ActiveCfg = Debug|x64
		{43208C84-5BEA-4D19-B99F-7CD804D249DF}.Debug|x64.Build.0 = Debug|x64
		{43208C84-5BEA-4D19-B99F-7CD804D249DF}.Debug|x86.ActiveCfg = Debug|Win32
		{43208C84-5BEA-4D19-B99F-7CD804D249DF}.Debug|x86.Build.0 = Debug|Win32
		{43208C84-5BEA-4D19-B99F-7CD804D249DF}.Release|x64.ActiveCfg = Release|x64
		{43208C84-5BEA-4D19-B99F-7CD804D249DF}.Release|x64.Build.0 = Release|x64
		{43208C84-5BEA-4D19-B99F-7CD804D249DF}.Release|x86.ActiveCfg = Release|Win32
		{43208C84-5BEA-4D19-B99F-7CD804D249DF}.Release|x86.Build.0 = Release|Win32
		{0329606B-3AB5-407D-BA5F-57646B20700F}.Debug|x64.ActiveCfg = Debug|x64
		{0329606B-3AB5-407D-BA5F-57646B20700F}.Debug|x64.Build.0 = Debug|x64
		{0329606B-3AB5-407D-BA5F-57646B20700F}.Debug|x86.ActiveCfg = Debug|Win32
		{0329606B-3AB5-407D-BA5F-57646B20700F}.Debug|x86.Build.0 = Debug|Win32
		{0329606B-3AB5-407D-BA5F-57646B20700F}.Release|x64.ActiveCfg = Release|x64
		{0329606B-3AB5-407D-BA5F-57646B20700F}.Release|x64.Build.0 = Release|x64
		{0329606B-3AB5-407D-BA5F-57646B20700F}.Release|x86.ActiveCfg = Release|Win32
		{0329606B-3AB5-407D-BA5F-57646B20700F}.Release|x86.Build.0 = Release|Win32
	EndGlobalSection
	GlobalSection(SolutionProperties) = preSolution
		HideSolutionNode = FALSE
	EndGlobalSection
	GlobalSection(ExtensibilityGlobals) = postSolution
		SolutionGuid = {6E53A745-FA8C-4FE4-B2C8-A3499D768B02}
	EndGlobalSection
EndGlobal
